// !$*UTF8*$!
{
	archiveVersion = 1;
	classes = {
	};
	objectVersion = 48;
	objects = {

/* Begin PBXBuildFile section */
		08C67EC12049CFAF000B401F /* DetailedViewController.swift in Sources */ = {isa = PBXBuildFile; fileRef = 08C67EC02049CFAF000B401F /* DetailedViewController.swift */; };
		08C67EC32049D012000B401F /* SettingsViewController.swift in Sources */ = {isa = PBXBuildFile; fileRef = 08C67EC22049D012000B401F /* SettingsViewController.swift */; };
		08C67EC52049D02C000B401F /* AlertsViewController.swift in Sources */ = {isa = PBXBuildFile; fileRef = 08C67EC42049D02C000B401F /* AlertsViewController.swift */; };
		08C67EC72049D043000B401F /* AddAlertsViewController.swift in Sources */ = {isa = PBXBuildFile; fileRef = 08C67EC62049D043000B401F /* AddAlertsViewController.swift */; };
		08C67EC92049D04F000B401F /* AddFavoritesViewController.swift in Sources */ = {isa = PBXBuildFile; fileRef = 08C67EC82049D04F000B401F /* AddFavoritesViewController.swift */; };
		08CAB3272048830C007D7834 /* AppDelegate.swift in Sources */ = {isa = PBXBuildFile; fileRef = 08CAB3262048830C007D7834 /* AppDelegate.swift */; };
		08CAB3292048830C007D7834 /* ViewController.swift in Sources */ = {isa = PBXBuildFile; fileRef = 08CAB3282048830C007D7834 /* ViewController.swift */; };
		08CAB32C2048830D007D7834 /* Main.storyboard in Resources */ = {isa = PBXBuildFile; fileRef = 08CAB32A2048830D007D7834 /* Main.storyboard */; };
		08CAB32E2048830D007D7834 /* Assets.xcassets in Resources */ = {isa = PBXBuildFile; fileRef = 08CAB32D2048830D007D7834 /* Assets.xcassets */; };
		08CAB3312048830D007D7834 /* LaunchScreen.storyboard in Resources */ = {isa = PBXBuildFile; fileRef = 08CAB32F2048830D007D7834 /* LaunchScreen.storyboard */; };
		08D8D6DD204DBE7C00E14DCA /* MainTableViewCell.swift in Sources */ = {isa = PBXBuildFile; fileRef = 08D8D6DC204DBE7C00E14DCA /* MainTableViewCell.swift */; };
		6B5B4AC02049DD7F0080B92E /* CoinAPIHelper.swift in Sources */ = {isa = PBXBuildFile; fileRef = 6B5B4ABF2049DD7F0080B92E /* CoinAPIHelper.swift */; };
		D6A37477204B708B004F9CBA /* Favorites.swift in Sources */ = {isa = PBXBuildFile; fileRef = D6A37476204B708B004F9CBA /* Favorites.swift */; };
		D6A37479204B738D004F9CBA /* Alerts.swift in Sources */ = {isa = PBXBuildFile; fileRef = D6A37478204B738D004F9CBA /* Alerts.swift */; };
/* End PBXBuildFile section */

/* Begin PBXFileReference section */
		08C67EC02049CFAF000B401F /* DetailedViewController.swift */ = {isa = PBXFileReference; lastKnownFileType = sourcecode.swift; path = DetailedViewController.swift; sourceTree = "<group>"; };
		08C67EC22049D012000B401F /* SettingsViewController.swift */ = {isa = PBXFileReference; lastKnownFileType = sourcecode.swift; path = SettingsViewController.swift; sourceTree = "<group>"; };
		08C67EC42049D02C000B401F /* AlertsViewController.swift */ = {isa = PBXFileReference; lastKnownFileType = sourcecode.swift; path = AlertsViewController.swift; sourceTree = "<group>"; };
		08C67EC62049D043000B401F /* AddAlertsViewController.swift */ = {isa = PBXFileReference; lastKnownFileType = sourcecode.swift; path = AddAlertsViewController.swift; sourceTree = "<group>"; };
		08C67EC82049D04F000B401F /* AddFavoritesViewController.swift */ = {isa = PBXFileReference; lastKnownFileType = sourcecode.swift; path = AddFavoritesViewController.swift; sourceTree = "<group>"; };
		08CAB3232048830C007D7834 /* hiOS.app */ = {isa = PBXFileReference; explicitFileType = wrapper.application; includeInIndex = 0; path = hiOS.app; sourceTree = BUILT_PRODUCTS_DIR; };
		08CAB3262048830C007D7834 /* AppDelegate.swift */ = {isa = PBXFileReference; lastKnownFileType = sourcecode.swift; path = AppDelegate.swift; sourceTree = "<group>"; };
		08CAB3282048830C007D7834 /* ViewController.swift */ = {isa = PBXFileReference; lastKnownFileType = sourcecode.swift; path = ViewController.swift; sourceTree = "<group>"; };
		08CAB32B2048830D007D7834 /* Base */ = {isa = PBXFileReference; lastKnownFileType = file.storyboard; name = Base; path = Base.lproj/Main.storyboard; sourceTree = "<group>"; };
		08CAB32D2048830D007D7834 /* Assets.xcassets */ = {isa = PBXFileReference; lastKnownFileType = folder.assetcatalog; path = Assets.xcassets; sourceTree = "<group>"; };
		08CAB3302048830D007D7834 /* Base */ = {isa = PBXFileReference; lastKnownFileType = file.storyboard; name = Base; path = Base.lproj/LaunchScreen.storyboard; sourceTree = "<group>"; };
		08CAB3322048830D007D7834 /* Info.plist */ = {isa = PBXFileReference; lastKnownFileType = text.plist.xml; path = Info.plist; sourceTree = "<group>"; };
		08D8D6DC204DBE7C00E14DCA /* MainTableViewCell.swift */ = {isa = PBXFileReference; lastKnownFileType = sourcecode.swift; path = MainTableViewCell.swift; sourceTree = "<group>"; };
		6B5B4ABF2049DD7F0080B92E /* CoinAPIHelper.swift */ = {isa = PBXFileReference; fileEncoding = 4; lastKnownFileType = sourcecode.swift; path = CoinAPIHelper.swift; sourceTree = "<group>"; };
		D6A37476204B708B004F9CBA /* Favorites.swift */ = {isa = PBXFileReference; lastKnownFileType = sourcecode.swift; path = Favorites.swift; sourceTree = "<group>"; };
		D6A37478204B738D004F9CBA /* Alerts.swift */ = {isa = PBXFileReference; lastKnownFileType = sourcecode.swift; path = Alerts.swift; sourceTree = "<group>"; };
/* End PBXFileReference section */

/* Begin PBXFrameworksBuildPhase section */
		08CAB3202048830C007D7834 /* Frameworks */ = {
			isa = PBXFrameworksBuildPhase;
			buildActionMask = 2147483647;
			files = (
			);
			runOnlyForDeploymentPostprocessing = 0;
		};
/* End PBXFrameworksBuildPhase section */

/* Begin PBXGroup section */
		08CAB31A2048830C007D7834 = {
			isa = PBXGroup;
			children = (
				08CAB3252048830C007D7834 /* hiOS */,
				08CAB3242048830C007D7834 /* Products */,
			);
			sourceTree = "<group>";
		};
		08CAB3242048830C007D7834 /* Products */ = {
			isa = PBXGroup;
			children = (
				08CAB3232048830C007D7834 /* hiOS.app */,
			);
			name = Products;
			sourceTree = "<group>";
		};
		08CAB3252048830C007D7834 /* hiOS */ = {
			isa = PBXGroup;
			children = (
				6B5B4ABF2049DD7F0080B92E /* CoinAPIHelper.swift */,
				D6A37476204B708B004F9CBA /* Favorites.swift */,
				D6A37478204B738D004F9CBA /* Alerts.swift */,
				08D8D6DC204DBE7C00E14DCA /* MainTableViewCell.swift */,
				08CAB3262048830C007D7834 /* AppDelegate.swift */,
				08CAB3282048830C007D7834 /* ViewController.swift */,
				08CAB32A2048830D007D7834 /* Main.storyboard */,
				08C67EC02049CFAF000B401F /* DetailedViewController.swift */,
				08C67EC22049D012000B401F /* SettingsViewController.swift */,
				08C67EC42049D02C000B401F /* AlertsViewController.swift */,
				08C67EC62049D043000B401F /* AddAlertsViewController.swift */,
				08C67EC82049D04F000B401F /* AddFavoritesViewController.swift */,
				08CAB32D2048830D007D7834 /* Assets.xcassets */,
				08CAB32F2048830D007D7834 /* LaunchScreen.storyboard */,
				08CAB3322048830D007D7834 /* Info.plist */,
			);
			path = hiOS;
			sourceTree = "<group>";
		};
/* End PBXGroup section */

/* Begin PBXNativeTarget section */
		08CAB3222048830C007D7834 /* hiOS */ = {
			isa = PBXNativeTarget;
			buildConfigurationList = 08CAB3352048830D007D7834 /* Build configuration list for PBXNativeTarget "hiOS" */;
			buildPhases = (
				08CAB31F2048830C007D7834 /* Sources */,
				08CAB3202048830C007D7834 /* Frameworks */,
				08CAB3212048830C007D7834 /* Resources */,
			);
			buildRules = (
			);
			dependencies = (
			);
			name = hiOS;
			productName = hiOS;
			productReference = 08CAB3232048830C007D7834 /* hiOS.app */;
			productType = "com.apple.product-type.application";
		};
/* End PBXNativeTarget section */

/* Begin PBXProject section */
		08CAB31B2048830C007D7834 /* Project object */ = {
			isa = PBXProject;
			attributes = {
				LastSwiftUpdateCheck = 0920;
				LastUpgradeCheck = 0920;
				ORGANIZATIONNAME = "Keertana Chandar";
				TargetAttributes = {
					08CAB3222048830C007D7834 = {
						CreatedOnToolsVersion = 9.2;
						ProvisioningStyle = Automatic;
						SystemCapabilities = {
							com.apple.BackgroundModes = {
								enabled = 1;
							};
						};
					};
				};
			};
			buildConfigurationList = 08CAB31E2048830C007D7834 /* Build configuration list for PBXProject "hiOS" */;
			compatibilityVersion = "Xcode 8.0";
			developmentRegion = en;
			hasScannedForEncodings = 0;
			knownRegions = (
				en,
				Base,
			);
			mainGroup = 08CAB31A2048830C007D7834;
			productRefGroup = 08CAB3242048830C007D7834 /* Products */;
			projectDirPath = "";
			projectRoot = "";
			targets = (
				08CAB3222048830C007D7834 /* hiOS */,
			);
		};
/* End PBXProject section */

/* Begin PBXResourcesBuildPhase section */
		08CAB3212048830C007D7834 /* Resources */ = {
			isa = PBXResourcesBuildPhase;
			buildActionMask = 2147483647;
			files = (
				08CAB3312048830D007D7834 /* LaunchScreen.storyboard in Resources */,
				08CAB32E2048830D007D7834 /* Assets.xcassets in Resources */,
				08CAB32C2048830D007D7834 /* Main.storyboard in Resources */,
			);
			runOnlyForDeploymentPostprocessing = 0;
		};
/* End PBXResourcesBuildPhase section */

/* Begin PBXSourcesBuildPhase section */
		08CAB31F2048830C007D7834 /* Sources */ = {
			isa = PBXSourcesBuildPhase;
			buildActionMask = 2147483647;
			files = (
				08D8D6DD204DBE7C00E14DCA /* MainTableViewCell.swift in Sources */,
				D6A37477204B708B004F9CBA /* Favorites.swift in Sources */,
				08C67EC92049D04F000B401F /* AddFavoritesViewController.swift in Sources */,
				6B5B4AC02049DD7F0080B92E /* CoinAPIHelper.swift in Sources */,
				08CAB3292048830C007D7834 /* ViewController.swift in Sources */,
				08CAB3272048830C007D7834 /* AppDelegate.swift in Sources */,
				08C67EC52049D02C000B401F /* AlertsViewController.swift in Sources */,
				D6A37479204B738D004F9CBA /* Alerts.swift in Sources */,
				08C67EC12049CFAF000B401F /* DetailedViewController.swift in Sources */,
				08C67EC32049D012000B401F /* SettingsViewController.swift in Sources */,
				08C67EC72049D043000B401F /* AddAlertsViewController.swift in Sources */,
			);
			runOnlyForDeploymentPostprocessing = 0;
		};
/* End PBXSourcesBuildPhase section */

/* Begin PBXVariantGroup section */
		08CAB32A2048830D007D7834 /* Main.storyboard */ = {
			isa = PBXVariantGroup;
			children = (
				08CAB32B2048830D007D7834 /* Base */,
			);
			name = Main.storyboard;
			sourceTree = "<group>";
		};
		08CAB32F2048830D007D7834 /* LaunchScreen.storyboard */ = {
			isa = PBXVariantGroup;
			children = (
				08CAB3302048830D007D7834 /* Base */,
			);
			name = LaunchScreen.storyboard;
			sourceTree = "<group>";
		};
/* End PBXVariantGroup section */

/* Begin XCBuildConfiguration section */
		08CAB3332048830D007D7834 /* Debug */ = {
			isa = XCBuildConfiguration;
			buildSettings = {
				ALWAYS_SEARCH_USER_PATHS = NO;
				CLANG_ANALYZER_NONNULL = YES;
				CLANG_ANALYZER_NUMBER_OBJECT_CONVERSION = YES_AGGRESSIVE;
				CLANG_CXX_LANGUAGE_STANDARD = "gnu++14";
				CLANG_CXX_LIBRARY = "libc++";
				CLANG_ENABLE_MODULES = YES;
				CLANG_ENABLE_OBJC_ARC = YES;
				CLANG_WARN_BLOCK_CAPTURE_AUTORELEASING = YES;
				CLANG_WARN_BOOL_CONVERSION = YES;
				CLANG_WARN_COMMA = YES;
				CLANG_WARN_CONSTANT_CONVERSION = YES;
				CLANG_WARN_DIRECT_OBJC_ISA_USAGE = YES_ERROR;
				CLANG_WARN_DOCUMENTATION_COMMENTS = YES;
				CLANG_WARN_EMPTY_BODY = YES;
				CLANG_WARN_ENUM_CONVERSION = YES;
				CLANG_WARN_INFINITE_RECURSION = YES;
				CLANG_WARN_INT_CONVERSION = YES;
				CLANG_WARN_NON_LITERAL_NULL_CONVERSION = YES;
				CLANG_WARN_OBJC_LITERAL_CONVERSION = YES;
				CLANG_WARN_OBJC_ROOT_CLASS = YES_ERROR;
				CLANG_WARN_RANGE_LOOP_ANALYSIS = YES;
				CLANG_WARN_STRICT_PROTOTYPES = YES;
				CLANG_WARN_SUSPICIOUS_MOVE = YES;
				CLANG_WARN_UNGUARDED_AVAILABILITY = YES_AGGRESSIVE;
				CLANG_WARN_UNREACHABLE_CODE = YES;
				CLANG_WARN__DUPLICATE_METHOD_MATCH = YES;
				CODE_SIGN_IDENTITY = "iPhone Developer";
				COPY_PHASE_STRIP = NO;
				DEBUG_INFORMATION_FORMAT = dwarf;
				ENABLE_STRICT_OBJC_MSGSEND = YES;
				ENABLE_TESTABILITY = YES;
				GCC_C_LANGUAGE_STANDARD = gnu11;
				GCC_DYNAMIC_NO_PIC = NO;
				GCC_NO_COMMON_BLOCKS = YES;
				GCC_OPTIMIZATION_LEVEL = 0;
				GCC_PREPROCESSOR_DEFINITIONS = (
					"DEBUG=1",
					"$(inherited)",
				);
				GCC_WARN_64_TO_32_BIT_CONVERSION = YES;
				GCC_WARN_ABOUT_RETURN_TYPE = YES_ERROR;
				GCC_WARN_UNDECLARED_SELECTOR = YES;
				GCC_WARN_UNINITIALIZED_AUTOS = YES_AGGRESSIVE;
				GCC_WARN_UNUSED_FUNCTION = YES;
				GCC_WARN_UNUSED_VARIABLE = YES;
				IPHONEOS_DEPLOYMENT_TARGET = 11.2;
				MTL_ENABLE_DEBUG_INFO = YES;
				ONLY_ACTIVE_ARCH = YES;
				SDKROOT = iphoneos;
				SWIFT_ACTIVE_COMPILATION_CONDITIONS = DEBUG;
				SWIFT_OPTIMIZATION_LEVEL = "-Onone";
			};
			name = Debug;
		};
		08CAB3342048830D007D7834 /* Release */ = {
			isa = XCBuildConfiguration;
			buildSettings = {
				ALWAYS_SEARCH_USER_PATHS = NO;
				CLANG_ANALYZER_NONNULL = YES;
				CLANG_ANALYZER_NUMBER_OBJECT_CONVERSION = YES_AGGRESSIVE;
				CLANG_CXX_LANGUAGE_STANDARD = "gnu++14";
				CLANG_CXX_LIBRARY = "libc++";
				CLANG_ENABLE_MODULES = YES;
				CLANG_ENABLE_OBJC_ARC = YES;
				CLANG_WARN_BLOCK_CAPTURE_AUTORELEASING = YES;
				CLANG_WARN_BOOL_CONVERSION = YES;
				CLANG_WARN_COMMA = YES;
				CLANG_WARN_CONSTANT_CONVERSION = YES;
				CLANG_WARN_DIRECT_OBJC_ISA_USAGE = YES_ERROR;
				CLANG_WARN_DOCUMENTATION_COMMENTS = YES;
				CLANG_WARN_EMPTY_BODY = YES;
				CLANG_WARN_ENUM_CONVERSION = YES;
				CLANG_WARN_INFINITE_RECURSION = YES;
				CLANG_WARN_INT_CONVERSION = YES;
				CLANG_WARN_NON_LITERAL_NULL_CONVERSION = YES;
				CLANG_WARN_OBJC_LITERAL_CONVERSION = YES;
				CLANG_WARN_OBJC_ROOT_CLASS = YES_ERROR;
				CLANG_WARN_RANGE_LOOP_ANALYSIS = YES;
				CLANG_WARN_STRICT_PROTOTYPES = YES;
				CLANG_WARN_SUSPICIOUS_MOVE = YES;
				CLANG_WARN_UNGUARDED_AVAILABILITY = YES_AGGRESSIVE;
				CLANG_WARN_UNREACHABLE_CODE = YES;
				CLANG_WARN__DUPLICATE_METHOD_MATCH = YES;
				CODE_SIGN_IDENTITY = "iPhone Developer";
				COPY_PHASE_STRIP = NO;
				DEBUG_INFORMATION_FORMAT = "dwarf-with-dsym";
				ENABLE_NS_ASSERTIONS = NO;
				ENABLE_STRICT_OBJC_MSGSEND = YES;
				GCC_C_LANGUAGE_STANDARD = gnu11;
				GCC_NO_COMMON_BLOCKS = YES;
				GCC_WARN_64_TO_32_BIT_CONVERSION = YES;
				GCC_WARN_ABOUT_RETURN_TYPE = YES_ERROR;
				GCC_WARN_UNDECLARED_SELECTOR = YES;
				GCC_WARN_UNINITIALIZED_AUTOS = YES_AGGRESSIVE;
				GCC_WARN_UNUSED_FUNCTION = YES;
				GCC_WARN_UNUSED_VARIABLE = YES;
				IPHONEOS_DEPLOYMENT_TARGET = 11.2;
				MTL_ENABLE_DEBUG_INFO = NO;
				SDKROOT = iphoneos;
				SWIFT_OPTIMIZATION_LEVEL = "-Owholemodule";
				VALIDATE_PRODUCT = YES;
			};
			name = Release;
		};
		08CAB3362048830D007D7834 /* Debug */ = {
			isa = XCBuildConfiguration;
			buildSettings = {
				ASSETCATALOG_COMPILER_APPICON_NAME = AppIcon;
				CODE_SIGN_STYLE = Automatic;
				DEVELOPMENT_TEAM = 6CJARH6555;
				INFOPLIST_FILE = hiOS/Info.plist;
				LD_RUNPATH_SEARCH_PATHS = "$(inherited) @executable_path/Frameworks";
				PRODUCT_BUNDLE_IDENTIFIER = com.keertanachandar.hiOS;
				PRODUCT_NAME = "$(TARGET_NAME)";
				SWIFT_VERSION = 4.0;
				TARGETED_DEVICE_FAMILY = "1,2";
			};
			name = Debug;
		};
		08CAB3372048830D007D7834 /* Release */ = {
			isa = XCBuildConfiguration;
			buildSettings = {
				ASSETCATALOG_COMPILER_APPICON_NAME = AppIcon;
				CODE_SIGN_STYLE = Automatic;
				DEVELOPMENT_TEAM = 6CJARH6555;
				INFOPLIST_FILE = hiOS/Info.plist;
				LD_RUNPATH_SEARCH_PATHS = "$(inherited) @executable_path/Frameworks";
				PRODUCT_BUNDLE_IDENTIFIER = com.keertanachandar.hiOS;
				PRODUCT_NAME = "$(TARGET_NAME)";
				SWIFT_VERSION = 4.0;
				TARGETED_DEVICE_FAMILY = "1,2";
			};
			name = Release;
		};
/* End XCBuildConfiguration section */

/* Begin XCConfigurationList section */
		08CAB31E2048830C007D7834 /* Build configuration list for PBXProject "hiOS" */ = {
			isa = XCConfigurationList;
			buildConfigurations = (
				08CAB3332048830D007D7834 /* Debug */,
				08CAB3342048830D007D7834 /* Release */,
			);
			defaultConfigurationIsVisible = 0;
			defaultConfigurationName = Release;
		};
		08CAB3352048830D007D7834 /* Build configuration list for PBXNativeTarget "hiOS" */ = {
			isa = XCConfigurationList;
			buildConfigurations = (
				08CAB3362048830D007D7834 /* Debug */,
				08CAB3372048830D007D7834 /* Release */,
			);
			defaultConfigurationIsVisible = 0;
			defaultConfigurationName = Release;
		};
/* End XCConfigurationList section */
	};
	rootObject = 08CAB31B2048830C007D7834 /* Project object */;
}
